
Microsoft Visual Studio Solution File, Format Version 12.00
# Visual Studio Version 16
VisualStudioVersion = 16.0.31019.35
MinimumVisualStudioVersion = 10.0.40219.1
Project("{FAE04EC0-301F-11D3-BF4B-00C04F79EFBC}") = "alg2", "alg2.csproj", "{B3BA2737-A786-407B-8E92-ED1C493607AF}"
EndProject
Global
	GlobalSection(SolutionConfigurationPlatforms) = preSolution
		Debug|Any CPU = Debug|Any CPU
		Release|Any CPU = Release|Any CPU
	EndGlobalSection
	GlobalSection(ProjectConfigurationPlatforms) = postSolution
		{B3BA2737-A786-407B-8E92-ED1C493607AF}.Debug|Any CPU.ActiveCfg = Debug|Any CPU
		{B3BA2737-A786-407B-8E92-ED1C493607AF}.Debug|Any CPU.Build.0 = Debug|Any CPU
		{B3BA2737-A786-407B-8E92-ED1C493607AF}.Release|Any CPU.ActiveCfg = Release|Any CPU
		{B3BA2737-A786-407B-8E92-ED1C493607AF}.Release|Any CPU.Build.0 = Release|Any CPU
	EndGlobalSection
	GlobalSection(SolutionProperties) = preSolution
		HideSolutionNode = FALSE
	EndGlobalSection
	GlobalSection(ExtensibilityGlobals) = postSolution
		SolutionGuid = {705D7927-E11D-49FA-97F4-EBEB987BBEC5}
	EndGlobalSection
EndGlobal
